
Microsoft Visual Studio Solution File, Format Version 12.00
# Visual Studio Version 16
VisualStudioVersion = 16.0.29905.134
MinimumVisualStudioVersion = 10.0.40219.1
Project("{9A19103F-16F7-4668-BE54-9A1E7A4F7556}") = "Family_economic", "Family_economic.csproj", "{C9AE689D-58F1-44F4-84AC-3002A1D8024D}"
EndProject
Project("{9A19103F-16F7-4668-BE54-9A1E7A4F7556}") = "Entities", "..\Entities\Entities.csproj", "{7D4ADA36-D0B7-4958-814F-26C55F7776D2}"
EndProject
Project("{9A19103F-16F7-4668-BE54-9A1E7A4F7556}") = "DataLayer", "..\ClassLibrary1\DataLayer.csproj", "{A3CFCD61-0F3B-437C-972E-EAE84EA7FC13}"
EndProject
Project("{9A19103F-16F7-4668-BE54-9A1E7A4F7556}") = "UserInteraction", "..\UserInteraction\UserInteraction.csproj", "{8F58F125-298A-4875-918D-87F0140E47F9}"
EndProject
Global
	GlobalSection(SolutionConfigurationPlatforms) = preSolution
		Debug|Any CPU = Debug|Any CPU
		Release|Any CPU = Release|Any CPU
	EndGlobalSection
	GlobalSection(ProjectConfigurationPlatforms) = postSolution
		{C9AE689D-58F1-44F4-84AC-3002A1D8024D}.Debug|Any CPU.ActiveCfg = Debug|Any CPU
		{C9AE689D-58F1-44F4-84AC-3002A1D8024D}.Debug|Any CPU.Build.0 = Debug|Any CPU
		{C9AE689D-58F1-44F4-84AC-3002A1D8024D}.Release|Any CPU.ActiveCfg = Release|Any CPU
		{C9AE689D-58F1-44F4-84AC-3002A1D8024D}.Release|Any CPU.Build.0 = Release|Any CPU
		{7D4ADA36-D0B7-4958-814F-26C55F7776D2}.Debug|Any CPU.ActiveCfg = Debug|Any CPU
		{7D4ADA36-D0B7-4958-814F-26C55F7776D2}.Debug|Any CPU.Build.0 = Debug|Any CPU
		{7D4ADA36-D0B7-4958-814F-26C55F7776D2}.Release|Any CPU.ActiveCfg = Release|Any CPU
		{7D4ADA36-D0B7-4958-814F-26C55F7776D2}.Release|Any CPU.Build.0 = Release|Any CPU
		{A3CFCD61-0F3B-437C-972E-EAE84EA7FC13}.Debug|Any CPU.ActiveCfg = Debug|Any CPU
		{A3CFCD61-0F3B-437C-972E-EAE84EA7FC13}.Debug|Any CPU.Build.0 = Debug|Any CPU
		{A3CFCD61-0F3B-437C-972E-EAE84EA7FC13}.Release|Any CPU.ActiveCfg = Release|Any CPU
		{A3CFCD61-0F3B-437C-972E-EAE84EA7FC13}.Release|Any CPU.Build.0 = Release|Any CPU
		{8F58F125-298A-4875-918D-87F0140E47F9}.Debug|Any CPU.ActiveCfg = Debug|Any CPU
		{8F58F125-298A-4875-918D-87F0140E47F9}.Debug|Any CPU.Build.0 = Debug|Any CPU
		{8F58F125-298A-4875-918D-87F0140E47F9}.Release|Any CPU.ActiveCfg = Release|Any CPU
		{8F58F125-298A-4875-918D-87F0140E47F9}.Release|Any CPU.Build.0 = Release|Any CPU
	EndGlobalSection
	GlobalSection(SolutionProperties) = preSolution
		HideSolutionNode = FALSE
	EndGlobalSection
	GlobalSection(ExtensibilityGlobals) = postSolution
		SolutionGuid = {AE2B3313-E250-417F-8951-465AA61E0D5B}
	EndGlobalSection
EndGlobal
